// !$*UTF8*$!
{
	archiveVersion = 1;
	classes = {
	};
	objectVersion = 56;
	objects = {

/* Begin PBXBuildFile section */
		5C4527152B1DFD5E00170F17 /* OptionsTypes.swift in Sources */ = {isa = PBXBuildFile; fileRef = 5C4527142B1DFD5E00170F17 /* OptionsTypes.swift */; };
		5C4F51BE2B0E3B9D00F0DFF7 /* AppDelegate.swift in Sources */ = {isa = PBXBuildFile; fileRef = 5C4F51BD2B0E3B9D00F0DFF7 /* AppDelegate.swift */; };
		5C4F51C02B0E3B9D00F0DFF7 /* SceneDelegate.swift in Sources */ = {isa = PBXBuildFile; fileRef = 5C4F51BF2B0E3B9D00F0DFF7 /* SceneDelegate.swift */; };
		5C4F51C22B0E3B9D00F0DFF7 /* FirstScreenViewController.swift in Sources */ = {isa = PBXBuildFile; fileRef = 5C4F51C12B0E3B9D00F0DFF7 /* FirstScreenViewController.swift */; };
		5C4F51C72B0E3B9E00F0DFF7 /* Assets.xcassets in Resources */ = {isa = PBXBuildFile; fileRef = 5C4F51C62B0E3B9E00F0DFF7 /* Assets.xcassets */; };
		5C4F51CA2B0E3B9E00F0DFF7 /* LaunchScreen.storyboard in Resources */ = {isa = PBXBuildFile; fileRef = 5C4F51C82B0E3B9E00F0DFF7 /* LaunchScreen.storyboard */; };
		5C6D58862B0E5FCE003E41EE /* ExtensionsUIView.swift in Sources */ = {isa = PBXBuildFile; fileRef = 5C6D58852B0E5FCE003E41EE /* ExtensionsUIView.swift */; };
		5CC3C8812B1F48000035CE92 /* ExtensionsUIViewController.swift in Sources */ = {isa = PBXBuildFile; fileRef = 5CC3C8802B1F48000035CE92 /* ExtensionsUIViewController.swift */; };
		5CF622752B1A0A2C005E8EFB /* TypesScreenViewController.swift in Sources */ = {isa = PBXBuildFile; fileRef = 5CF622742B1A0A2C005E8EFB /* TypesScreenViewController.swift */; };
		5CF622782B1A2C2E005E8EFB /* NetworkService.swift in Sources */ = {isa = PBXBuildFile; fileRef = 5CF622772B1A2C2E005E8EFB /* NetworkService.swift */; };
		5CF6227A2B1A2D1B005E8EFB /* NetworkDataFetcher.swift in Sources */ = {isa = PBXBuildFile; fileRef = 5CF622792B1A2D1B005E8EFB /* NetworkDataFetcher.swift */; };
		5CF6227C2B1A2DCE005E8EFB /* DataFetcherService.swift in Sources */ = {isa = PBXBuildFile; fileRef = 5CF6227B2B1A2DCE005E8EFB /* DataFetcherService.swift */; };
/* End PBXBuildFile section */

/* Begin PBXFileReference section */
		5C4527142B1DFD5E00170F17 /* OptionsTypes.swift */ = {isa = PBXFileReference; lastKnownFileType = sourcecode.swift; path = OptionsTypes.swift; sourceTree = "<group>"; };
		5C4F51BA2B0E3B9D00F0DFF7 /* aliTest.app */ = {isa = PBXFileReference; explicitFileType = wrapper.application; includeInIndex = 0; path = aliTest.app; sourceTree = BUILT_PRODUCTS_DIR; };
		5C4F51BD2B0E3B9D00F0DFF7 /* AppDelegate.swift */ = {isa = PBXFileReference; lastKnownFileType = sourcecode.swift; path = AppDelegate.swift; sourceTree = "<group>"; };
		5C4F51BF2B0E3B9D00F0DFF7 /* SceneDelegate.swift */ = {isa = PBXFileReference; lastKnownFileType = sourcecode.swift; path = SceneDelegate.swift; sourceTree = "<group>"; };
		5C4F51C12B0E3B9D00F0DFF7 /* FirstScreenViewController.swift */ = {isa = PBXFileReference; lastKnownFileType = sourcecode.swift; path = FirstScreenViewController.swift; sourceTree = "<group>"; wrapsLines = 0; };
		5C4F51C62B0E3B9E00F0DFF7 /* Assets.xcassets */ = {isa = PBXFileReference; lastKnownFileType = folder.assetcatalog; path = Assets.xcassets; sourceTree = "<group>"; };
		5C4F51C92B0E3B9E00F0DFF7 /* Base */ = {isa = PBXFileReference; lastKnownFileType = file.storyboard; name = Base; path = Base.lproj/LaunchScreen.storyboard; sourceTree = "<group>"; };
		5C4F51CB2B0E3B9E00F0DFF7 /* Info.plist */ = {isa = PBXFileReference; lastKnownFileType = text.plist.xml; path = Info.plist; sourceTree = "<group>"; };
		5C6D58852B0E5FCE003E41EE /* ExtensionsUIView.swift */ = {isa = PBXFileReference; lastKnownFileType = sourcecode.swift; path = ExtensionsUIView.swift; sourceTree = "<group>"; };
		5CC3C8802B1F48000035CE92 /* ExtensionsUIViewController.swift */ = {isa = PBXFileReference; lastKnownFileType = sourcecode.swift; path = ExtensionsUIViewController.swift; sourceTree = "<group>"; };
		5CF622742B1A0A2C005E8EFB /* TypesScreenViewController.swift */ = {isa = PBXFileReference; lastKnownFileType = sourcecode.swift; path = TypesScreenViewController.swift; sourceTree = "<group>"; };
		5CF622772B1A2C2E005E8EFB /* NetworkService.swift */ = {isa = PBXFileReference; lastKnownFileType = sourcecode.swift; path = NetworkService.swift; sourceTree = "<group>"; };
		5CF622792B1A2D1B005E8EFB /* NetworkDataFetcher.swift */ = {isa = PBXFileReference; lastKnownFileType = sourcecode.swift; path = NetworkDataFetcher.swift; sourceTree = "<group>"; };
		5CF6227B2B1A2DCE005E8EFB /* DataFetcherService.swift */ = {isa = PBXFileReference; lastKnownFileType = sourcecode.swift; path = DataFetcherService.swift; sourceTree = "<group>"; };
/* End PBXFileReference section */

/* Begin PBXFrameworksBuildPhase section */
		5C4F51B72B0E3B9D00F0DFF7 /* Frameworks */ = {
			isa = PBXFrameworksBuildPhase;
			buildActionMask = 2147483647;
			files = (
			);
			runOnlyForDeploymentPostprocessing = 0;
		};
/* End PBXFrameworksBuildPhase section */

/* Begin PBXGroup section */
		5C4F51B12B0E3B9D00F0DFF7 = {
			isa = PBXGroup;
			children = (
				5C4F51BC2B0E3B9D00F0DFF7 /* aliTest */,
				5C4F51BB2B0E3B9D00F0DFF7 /* Products */,
			);
			sourceTree = "<group>";
		};
		5C4F51BB2B0E3B9D00F0DFF7 /* Products */ = {
			isa = PBXGroup;
			children = (
				5C4F51BA2B0E3B9D00F0DFF7 /* aliTest.app */,
			);
			name = Products;
			sourceTree = "<group>";
		};
		5C4F51BC2B0E3B9D00F0DFF7 /* aliTest */ = {
			isa = PBXGroup;
			children = (
				5C4F51BD2B0E3B9D00F0DFF7 /* AppDelegate.swift */,
				5C4F51BF2B0E3B9D00F0DFF7 /* SceneDelegate.swift */,
				5CC3C8822B1F48E70035CE92 /* Extensions */,
				5CF622722B1A09C2005E8EFB /* FirstScreen */,
				5CF622732B1A09D9005E8EFB /* TriviaScreen */,
				5CF622762B1A2C14005E8EFB /* Service */,
				5C4F51C62B0E3B9E00F0DFF7 /* Assets.xcassets */,
				5C4F51C82B0E3B9E00F0DFF7 /* LaunchScreen.storyboard */,
				5C4F51CB2B0E3B9E00F0DFF7 /* Info.plist */,
			);
			path = aliTest;
			sourceTree = "<group>";
		};
		5CC3C8822B1F48E70035CE92 /* Extensions */ = {
			isa = PBXGroup;
			children = (
				5CC3C8802B1F48000035CE92 /* ExtensionsUIViewController.swift */,
				5C6D58852B0E5FCE003E41EE /* ExtensionsUIView.swift */,
			);
			name = Extensions;
			sourceTree = "<group>";
		};
		5CF622722B1A09C2005E8EFB /* FirstScreen */ = {
			isa = PBXGroup;
			children = (
				5C4F51C12B0E3B9D00F0DFF7 /* FirstScreenViewController.swift */,
			);
			name = FirstScreen;
			sourceTree = "<group>";
		};
		5CF622732B1A09D9005E8EFB /* TriviaScreen */ = {
			isa = PBXGroup;
			children = (
				5CF622742B1A0A2C005E8EFB /* TypesScreenViewController.swift */,
			);
			name = TriviaScreen;
			sourceTree = "<group>";
		};
		5CF622762B1A2C14005E8EFB /* Service */ = {
			isa = PBXGroup;
			children = (
				5CF6227B2B1A2DCE005E8EFB /* DataFetcherService.swift */,
				5CF622792B1A2D1B005E8EFB /* NetworkDataFetcher.swift */,
				5CF622772B1A2C2E005E8EFB /* NetworkService.swift */,
				5C4527142B1DFD5E00170F17 /* OptionsTypes.swift */,
			);
			name = Service;
			sourceTree = "<group>";
		};
/* End PBXGroup section */

/* Begin PBXNativeTarget section */
		5C4F51B92B0E3B9D00F0DFF7 /* aliTest */ = {
			isa = PBXNativeTarget;
			buildConfigurationList = 5C4F51CE2B0E3B9E00F0DFF7 /* Build configuration list for PBXNativeTarget "aliTest" */;
			buildPhases = (
				5C4F51B62B0E3B9D00F0DFF7 /* Sources */,
				5C4F51B72B0E3B9D00F0DFF7 /* Frameworks */,
				5C4F51B82B0E3B9D00F0DFF7 /* Resources */,
			);
			buildRules = (
			);
			dependencies = (
			);
			name = aliTest;
			productName = aliTest;
			productReference = 5C4F51BA2B0E3B9D00F0DFF7 /* aliTest.app */;
			productType = "com.apple.product-type.application";
		};
/* End PBXNativeTarget section */

/* Begin PBXProject section */
		5C4F51B22B0E3B9D00F0DFF7 /* Project object */ = {
			isa = PBXProject;
			attributes = {
				BuildIndependentTargetsInParallel = 1;
				LastSwiftUpdateCheck = 1410;
				LastUpgradeCheck = 1410;
				TargetAttributes = {
					5C4F51B92B0E3B9D00F0DFF7 = {
						CreatedOnToolsVersion = 14.1;
					};
				};
			};
			buildConfigurationList = 5C4F51B52B0E3B9D00F0DFF7 /* Build configuration list for PBXProject "aliTest" */;
			compatibilityVersion = "Xcode 14.0";
			developmentRegion = en;
			hasScannedForEncodings = 0;
			knownRegions = (
				en,
				Base,
			);
			mainGroup = 5C4F51B12B0E3B9D00F0DFF7;
			productRefGroup = 5C4F51BB2B0E3B9D00F0DFF7 /* Products */;
			projectDirPath = "";
			projectRoot = "";
			targets = (
				5C4F51B92B0E3B9D00F0DFF7 /* aliTest */,
			);
		};
/* End PBXProject section */

/* Begin PBXResourcesBuildPhase section */
		5C4F51B82B0E3B9D00F0DFF7 /* Resources */ = {
			isa = PBXResourcesBuildPhase;
			buildActionMask = 2147483647;
			files = (
				5C4F51CA2B0E3B9E00F0DFF7 /* LaunchScreen.storyboard in Resources */,
				5C4F51C72B0E3B9E00F0DFF7 /* Assets.xcassets in Resources */,
			);
			runOnlyForDeploymentPostprocessing = 0;
		};
/* End PBXResourcesBuildPhase section */

/* Begin PBXSourcesBuildPhase section */
		5C4F51B62B0E3B9D00F0DFF7 /* Sources */ = {
			isa = PBXSourcesBuildPhase;
			buildActionMask = 2147483647;
			files = (
				5CF6227A2B1A2D1B005E8EFB /* NetworkDataFetcher.swift in Sources */,
				5CF622782B1A2C2E005E8EFB /* NetworkService.swift in Sources */,
				5C4F51C22B0E3B9D00F0DFF7 /* FirstScreenViewController.swift in Sources */,
				5C6D58862B0E5FCE003E41EE /* ExtensionsUIView.swift in Sources */,
				5CC3C8812B1F48000035CE92 /* ExtensionsUIViewController.swift in Sources */,
				5C4F51BE2B0E3B9D00F0DFF7 /* AppDelegate.swift in Sources */,
				5C4F51C02B0E3B9D00F0DFF7 /* SceneDelegate.swift in Sources */,
				5CF622752B1A0A2C005E8EFB /* TypesScreenViewController.swift in Sources */,
				5C4527152B1DFD5E00170F17 /* OptionsTypes.swift in Sources */,
				5CF6227C2B1A2DCE005E8EFB /* DataFetcherService.swift in Sources */,
			);
			runOnlyForDeploymentPostprocessing = 0;
		};
/* End PBXSourcesBuildPhase section */

/* Begin PBXVariantGroup section */
		5C4F51C82B0E3B9E00F0DFF7 /* LaunchScreen.storyboard */ = {
			isa = PBXVariantGroup;
			children = (
				5C4F51C92B0E3B9E00F0DFF7 /* Base */,
			);
			name = LaunchScreen.storyboard;
			sourceTree = "<group>";
		};
/* End PBXVariantGroup section */

/* Begin XCBuildConfiguration section */
		5C4F51CC2B0E3B9E00F0DFF7 /* Debug */ = {
			isa = XCBuildConfiguration;
			buildSettings = {
				ALWAYS_SEARCH_USER_PATHS = NO;
				CLANG_ANALYZER_NONNULL = YES;
				CLANG_ANALYZER_NUMBER_OBJECT_CONVERSION = YES_AGGRESSIVE;
				CLANG_CXX_LANGUAGE_STANDARD = "gnu++20";
				CLANG_ENABLE_MODULES = YES;
				CLANG_ENABLE_OBJC_ARC = YES;
				CLANG_ENABLE_OBJC_WEAK = YES;
				CLANG_WARN_BLOCK_CAPTURE_AUTORELEASING = YES;
				CLANG_WARN_BOOL_CONVERSION = YES;
				CLANG_WARN_COMMA = YES;
				CLANG_WARN_CONSTANT_CONVERSION = YES;
				CLANG_WARN_DEPRECATED_OBJC_IMPLEMENTATIONS = YES;
				CLANG_WARN_DIRECT_OBJC_ISA_USAGE = YES_ERROR;
				CLANG_WARN_DOCUMENTATION_COMMENTS = YES;
				CLANG_WARN_EMPTY_BODY = YES;
				CLANG_WARN_ENUM_CONVERSION = YES;
				CLANG_WARN_INFINITE_RECURSION = YES;
				CLANG_WARN_INT_CONVERSION = YES;
				CLANG_WARN_NON_LITERAL_NULL_CONVERSION = YES;
				CLANG_WARN_OBJC_IMPLICIT_RETAIN_SELF = YES;
				CLANG_WARN_OBJC_LITERAL_CONVERSION = YES;
				CLANG_WARN_OBJC_ROOT_CLASS = YES_ERROR;
				CLANG_WARN_QUOTED_INCLUDE_IN_FRAMEWORK_HEADER = YES;
				CLANG_WARN_RANGE_LOOP_ANALYSIS = YES;
				CLANG_WARN_STRICT_PROTOTYPES = YES;
				CLANG_WARN_SUSPICIOUS_MOVE = YES;
				CLANG_WARN_UNGUARDED_AVAILABILITY = YES_AGGRESSIVE;
				CLANG_WARN_UNREACHABLE_CODE = YES;
				CLANG_WARN__DUPLICATE_METHOD_MATCH = YES;
				COPY_PHASE_STRIP = NO;
				DEBUG_INFORMATION_FORMAT = dwarf;
				ENABLE_STRICT_OBJC_MSGSEND = YES;
				ENABLE_TESTABILITY = YES;
				GCC_C_LANGUAGE_STANDARD = gnu11;
				GCC_DYNAMIC_NO_PIC = NO;
				GCC_NO_COMMON_BLOCKS = YES;
				GCC_OPTIMIZATION_LEVEL = 0;
				GCC_PREPROCESSOR_DEFINITIONS = (
					"DEBUG=1",
					"$(inherited)",
				);
				GCC_WARN_64_TO_32_BIT_CONVERSION = YES;
				GCC_WARN_ABOUT_RETURN_TYPE = YES_ERROR;
				GCC_WARN_UNDECLARED_SELECTOR = YES;
				GCC_WARN_UNINITIALIZED_AUTOS = YES_AGGRESSIVE;
				GCC_WARN_UNUSED_FUNCTION = YES;
				GCC_WARN_UNUSED_VARIABLE = YES;
				IPHONEOS_DEPLOYMENT_TARGET = 16.1;
				MTL_ENABLE_DEBUG_INFO = INCLUDE_SOURCE;
				MTL_FAST_MATH = YES;
				ONLY_ACTIVE_ARCH = YES;
				SDKROOT = iphoneos;
				SWIFT_ACTIVE_COMPILATION_CONDITIONS = DEBUG;
				SWIFT_OPTIMIZATION_LEVEL = "-Onone";
			};
			name = Debug;
		};
		5C4F51CD2B0E3B9E00F0DFF7 /* Release */ = {
			isa = XCBuildConfiguration;
			buildSettings = {
				ALWAYS_SEARCH_USER_PATHS = NO;
				CLANG_ANALYZER_NONNULL = YES;
				CLANG_ANALYZER_NUMBER_OBJECT_CONVERSION = YES_AGGRESSIVE;
				CLANG_CXX_LANGUAGE_STANDARD = "gnu++20";
				CLANG_ENABLE_MODULES = YES;
				CLANG_ENABLE_OBJC_ARC = YES;
				CLANG_ENABLE_OBJC_WEAK = YES;
				CLANG_WARN_BLOCK_CAPTURE_AUTORELEASING = YES;
				CLANG_WARN_BOOL_CONVERSION = YES;
				CLANG_WARN_COMMA = YES;
				CLANG_WARN_CONSTANT_CONVERSION = YES;
				CLANG_WARN_DEPRECATED_OBJC_IMPLEMENTATIONS = YES;
				CLANG_WARN_DIRECT_OBJC_ISA_USAGE = YES_ERROR;
				CLANG_WARN_DOCUMENTATION_COMMENTS = YES;
				CLANG_WARN_EMPTY_BODY = YES;
				CLANG_WARN_ENUM_CONVERSION = YES;
				CLANG_WARN_INFINITE_RECURSION = YES;
				CLANG_WARN_INT_CONVERSION = YES;
				CLANG_WARN_NON_LITERAL_NULL_CONVERSION = YES;
				CLANG_WARN_OBJC_IMPLICIT_RETAIN_SELF = YES;
				CLANG_WARN_OBJC_LITERAL_CONVERSION = YES;
				CLANG_WARN_OBJC_ROOT_CLASS = YES_ERROR;
				CLANG_WARN_QUOTED_INCLUDE_IN_FRAMEWORK_HEADER = YES;
				CLANG_WARN_RANGE_LOOP_ANALYSIS = YES;
				CLANG_WARN_STRICT_PROTOTYPES = YES;
				CLANG_WARN_SUSPICIOUS_MOVE = YES;
				CLANG_WARN_UNGUARDED_AVAILABILITY = YES_AGGRESSIVE;
				CLANG_WARN_UNREACHABLE_CODE = YES;
				CLANG_WARN__DUPLICATE_METHOD_MATCH = YES;
				COPY_PHASE_STRIP = NO;
				DEBUG_INFORMATION_FORMAT = "dwarf-with-dsym";
				ENABLE_NS_ASSERTIONS = NO;
				ENABLE_STRICT_OBJC_MSGSEND = YES;
				GCC_C_LANGUAGE_STANDARD = gnu11;
				GCC_NO_COMMON_BLOCKS = YES;
				GCC_WARN_64_TO_32_BIT_CONVERSION = YES;
				GCC_WARN_ABOUT_RETURN_TYPE = YES_ERROR;
				GCC_WARN_UNDECLARED_SELECTOR = YES;
				GCC_WARN_UNINITIALIZED_AUTOS = YES_AGGRESSIVE;
				GCC_WARN_UNUSED_FUNCTION = YES;
				GCC_WARN_UNUSED_VARIABLE = YES;
				IPHONEOS_DEPLOYMENT_TARGET = 16.1;
				MTL_ENABLE_DEBUG_INFO = NO;
				MTL_FAST_MATH = YES;
				SDKROOT = iphoneos;
				SWIFT_COMPILATION_MODE = wholemodule;
				SWIFT_OPTIMIZATION_LEVEL = "-O";
				VALIDATE_PRODUCT = YES;
			};
			name = Release;
		};
		5C4F51CF2B0E3B9E00F0DFF7 /* Debug */ = {
			isa = XCBuildConfiguration;
			buildSettings = {
				ASSETCATALOG_COMPILER_APPICON_NAME = AppIcon;
				ASSETCATALOG_COMPILER_GLOBAL_ACCENT_COLOR_NAME = AccentColor;
				CODE_SIGN_STYLE = Automatic;
				CURRENT_PROJECT_VERSION = 1;
				DEVELOPMENT_TEAM = SU23D6GXVW;
				GENERATE_INFOPLIST_FILE = YES;
				INFOPLIST_FILE = aliTest/Info.plist;
				INFOPLIST_KEY_UIApplicationSupportsIndirectInputEvents = YES;
				INFOPLIST_KEY_UILaunchStoryboardName = LaunchScreen;
				INFOPLIST_KEY_UISupportedInterfaceOrientations_iPad = "UIInterfaceOrientationPortrait UIInterfaceOrientationPortraitUpsideDown UIInterfaceOrientationLandscapeLeft UIInterfaceOrientationLandscapeRight";
				INFOPLIST_KEY_UISupportedInterfaceOrientations_iPhone = "UIInterfaceOrientationPortrait UIInterfaceOrientationLandscapeLeft UIInterfaceOrientationLandscapeRight";
				LD_RUNPATH_SEARCH_PATHS = (
					"$(inherited)",
					"@executable_path/Frameworks",
				);
				MARKETING_VERSION = 1.0;
				PRODUCT_BUNDLE_IDENTIFIER = qwe.aliTest;
				PRODUCT_NAME = "$(TARGET_NAME)";
				SWIFT_EMIT_LOC_STRINGS = YES;
				SWIFT_VERSION = 5.0;
				TARGETED_DEVICE_FAMILY = "1,2";
			};
			name = Debug;
		};
		5C4F51D02B0E3B9E00F0DFF7 /* Release */ = {
			isa = XCBuildConfiguration;
			buildSettings = {
				ASSETCATALOG_COMPILER_APPICON_NAME = AppIcon;
				ASSETCATALOG_COMPILER_GLOBAL_ACCENT_COLOR_NAME = AccentColor;
				CODE_SIGN_STYLE = Automatic;
				CURRENT_PROJECT_VERSION = 1;
				DEVELOPMENT_TEAM = SU23D6GXVW;
				GENERATE_INFOPLIST_FILE = YES;
				INFOPLIST_FILE = aliTest/Info.plist;
				INFOPLIST_KEY_UIApplicationSupportsIndirectInputEvents = YES;
				INFOPLIST_KEY_UILaunchStoryboardName = LaunchScreen;
				INFOPLIST_KEY_UISupportedInterfaceOrientations_iPad = "UIInterfaceOrientationPortrait UIInterfaceOrientationPortraitUpsideDown UIInterfaceOrientationLandscapeLeft UIInterfaceOrientationLandscapeRight";
				INFOPLIST_KEY_UISupportedInterfaceOrientations_iPhone = "UIInterfaceOrientationPortrait UIInterfaceOrientationLandscapeLeft UIInterfaceOrientationLandscapeRight";
				LD_RUNPATH_SEARCH_PATHS = (
					"$(inherited)",
					"@executable_path/Frameworks",
				);
				MARKETING_VERSION = 1.0;
				PRODUCT_BUNDLE_IDENTIFIER = qwe.aliTest;
				PRODUCT_NAME = "$(TARGET_NAME)";
				SWIFT_EMIT_LOC_STRINGS = YES;
				SWIFT_VERSION = 5.0;
				TARGETED_DEVICE_FAMILY = "1,2";
			};
			name = Release;
		};
/* End XCBuildConfiguration section */

/* Begin XCConfigurationList section */
		5C4F51B52B0E3B9D00F0DFF7 /* Build configuration list for PBXProject "aliTest" */ = {
			isa = XCConfigurationList;
			buildConfigurations = (
				5C4F51CC2B0E3B9E00F0DFF7 /* Debug */,
				5C4F51CD2B0E3B9E00F0DFF7 /* Release */,
			);
			defaultConfigurationIsVisible = 0;
			defaultConfigurationName = Release;
		};
		5C4F51CE2B0E3B9E00F0DFF7 /* Build configuration list for PBXNativeTarget "aliTest" */ = {
			isa = XCConfigurationList;
			buildConfigurations = (
				5C4F51CF2B0E3B9E00F0DFF7 /* Debug */,
				5C4F51D02B0E3B9E00F0DFF7 /* Release */,
			);
			defaultConfigurationIsVisible = 0;
			defaultConfigurationName = Release;
		};
/* End XCConfigurationList section */
	};
	rootObject = 5C4F51B22B0E3B9D00F0DFF7 /* Project object */;
}
